// !$*UTF8*$!
{
	archiveVersion = 1;
	classes = {
	};
	objectVersion = 56;
	objects = {

/* Begin PBXBuildFile section */
		6F1DD1702BA51B73003B19F5 /* MedicaFinalApp.swift in Sources */ = {isa = PBXBuildFile; fileRef = 6F1DD16F2BA51B73003B19F5 /* MedicaFinalApp.swift */; };
		6F1DD1722BA51B73003B19F5 /* ContentView.swift in Sources */ = {isa = PBXBuildFile; fileRef = 6F1DD1712BA51B73003B19F5 /* ContentView.swift */; };
		6F1DD1742BA51B74003B19F5 /* Assets.xcassets in Resources */ = {isa = PBXBuildFile; fileRef = 6F1DD1732BA51B74003B19F5 /* Assets.xcassets */; };
		6F1DD1772BA51B74003B19F5 /* Preview Assets.xcassets in Resources */ = {isa = PBXBuildFile; fileRef = 6F1DD1762BA51B74003B19F5 /* Preview Assets.xcassets */; };
		6F2337FF2BA7554F0058E6C3 /* CheckRappelView.swift in Sources */ = {isa = PBXBuildFile; fileRef = 6F2337FE2BA7554F0058E6C3 /* CheckRappelView.swift */; };
		6F2338012BA783AF0058E6C3 /* AddRappelView.swift in Sources */ = {isa = PBXBuildFile; fileRef = 6F2338002BA783AF0058E6C3 /* AddRappelView.swift */; };
		6F3D226D2BA740C700ABE42B /* OrdoView.swift in Sources */ = {isa = PBXBuildFile; fileRef = 6F3D226C2BA740C700ABE42B /* OrdoView.swift */; };
		6F3D226F2BA741F200ABE42B /* OrdoClass.swift in Sources */ = {isa = PBXBuildFile; fileRef = 6F3D226E2BA741F200ABE42B /* OrdoClass.swift */; };
		6F3D22712BA7421D00ABE42B /* Ordonnance.swift in Sources */ = {isa = PBXBuildFile; fileRef = 6F3D22702BA7421D00ABE42B /* Ordonnance.swift */; };
		6F3D22732BA7424900ABE42B /* CopyOrdoView.swift in Sources */ = {isa = PBXBuildFile; fileRef = 6F3D22722BA7424900ABE42B /* CopyOrdoView.swift */; };
		6F3D22752BA7428300ABE42B /* OCRView.swift in Sources */ = {isa = PBXBuildFile; fileRef = 6F3D22742BA7428300ABE42B /* OCRView.swift */; };
		6F3D22772BA742A900ABE42B /* ScanData.swift in Sources */ = {isa = PBXBuildFile; fileRef = 6F3D22762BA742A900ABE42B /* ScanData.swift */; };
		6F3D22792BA742CB00ABE42B /* ScannerView.swift in Sources */ = {isa = PBXBuildFile; fileRef = 6F3D22782BA742CB00ABE42B /* ScannerView.swift */; };
		6F3D227B2BA7430600ABE42B /* TextRecognizer.swift in Sources */ = {isa = PBXBuildFile; fileRef = 6F3D227A2BA7430600ABE42B /* TextRecognizer.swift */; };
		6F3D227D2BA743A900ABE42B /* SignInLogInView.swift in Sources */ = {isa = PBXBuildFile; fileRef = 6F3D227C2BA743A900ABE42B /* SignInLogInView.swift */; };
		6F3D227F2BA743DF00ABE42B /* SplashScreenView.swift in Sources */ = {isa = PBXBuildFile; fileRef = 6F3D227E2BA743DF00ABE42B /* SplashScreenView.swift */; };
		6F3D22812BA7441300ABE42B /* SignInView.swift in Sources */ = {isa = PBXBuildFile; fileRef = 6F3D22802BA7441300ABE42B /* SignInView.swift */; };
		6F3D22832BA7447700ABE42B /* inputFieldLogin.swift in Sources */ = {isa = PBXBuildFile; fileRef = 6F3D22822BA7447700ABE42B /* inputFieldLogin.swift */; };
		6F3D22852BA744AC00ABE42B /* logInView.swift in Sources */ = {isa = PBXBuildFile; fileRef = 6F3D22842BA744AC00ABE42B /* logInView.swift */; };
		6F3D22872BA744F300ABE42B /* InfoMedView.swift in Sources */ = {isa = PBXBuildFile; fileRef = 6F3D22862BA744F300ABE42B /* InfoMedView.swift */; };
		6F3D22892BA7450600ABE42B /* DetailsView.swift in Sources */ = {isa = PBXBuildFile; fileRef = 6F3D22882BA7450600ABE42B /* DetailsView.swift */; };
		6F3D228B2BA745F000ABE42B /* CalView.swift in Sources */ = {isa = PBXBuildFile; fileRef = 6F3D228A2BA745F000ABE42B /* CalView.swift */; };
		6F3D228D2BA7460800ABE42B /* ProfilView.swift in Sources */ = {isa = PBXBuildFile; fileRef = 6F3D228C2BA7460800ABE42B /* ProfilView.swift */; };
		6F3D228F2BA7468B00ABE42B /* RappelTestView.swift in Sources */ = {isa = PBXBuildFile; fileRef = 6F3D228E2BA7468B00ABE42B /* RappelTestView.swift */; };
		6F3D22912BA7469800ABE42B /* RappelView.swift in Sources */ = {isa = PBXBuildFile; fileRef = 6F3D22902BA7469800ABE42B /* RappelView.swift */; };
		6F3D22932BA746A800ABE42B /* StructRappel.swift in Sources */ = {isa = PBXBuildFile; fileRef = 6F3D22922BA746A800ABE42B /* StructRappel.swift */; };
		6F3D22952BA746B700ABE42B /* UtilsView.swift in Sources */ = {isa = PBXBuildFile; fileRef = 6F3D22942BA746B700ABE42B /* UtilsView.swift */; };
		6F6FEF902BA85108006F8A87 /* TabBar.swift in Sources */ = {isa = PBXBuildFile; fileRef = 6F6FEF8F2BA85108006F8A87 /* TabBar.swift */; };
		6F913C482BAB1BD800A1317E /* CongratsView.swift in Sources */ = {isa = PBXBuildFile; fileRef = 6F913C472BAB1BD800A1317E /* CongratsView.swift */; };
		6F913C4A2BAB1C3A00A1317E /* TabRappelMedView.swift in Sources */ = {isa = PBXBuildFile; fileRef = 6F913C492BAB1C3A00A1317E /* TabRappelMedView.swift */; };
		A328D00D2BA9CCF200381CAE /* CalendarInfo.swift in Sources */ = {isa = PBXBuildFile; fileRef = A328D00C2BA9CCF200381CAE /* CalendarInfo.swift */; };
/* End PBXBuildFile section */

/* Begin PBXFileReference section */
		6F1DD16C2BA51B73003B19F5 /* MedicaFinal.app */ = {isa = PBXFileReference; explicitFileType = wrapper.application; includeInIndex = 0; path = MedicaFinal.app; sourceTree = BUILT_PRODUCTS_DIR; };
		6F1DD16F2BA51B73003B19F5 /* MedicaFinalApp.swift */ = {isa = PBXFileReference; lastKnownFileType = sourcecode.swift; path = MedicaFinalApp.swift; sourceTree = "<group>"; };
		6F1DD1712BA51B73003B19F5 /* ContentView.swift */ = {isa = PBXFileReference; lastKnownFileType = sourcecode.swift; path = ContentView.swift; sourceTree = "<group>"; };
		6F1DD1732BA51B74003B19F5 /* Assets.xcassets */ = {isa = PBXFileReference; lastKnownFileType = folder.assetcatalog; path = Assets.xcassets; sourceTree = "<group>"; };
		6F1DD1762BA51B74003B19F5 /* Preview Assets.xcassets */ = {isa = PBXFileReference; lastKnownFileType = folder.assetcatalog; path = "Preview Assets.xcassets"; sourceTree = "<group>"; };
		6F2337FE2BA7554F0058E6C3 /* CheckRappelView.swift */ = {isa = PBXFileReference; lastKnownFileType = sourcecode.swift; path = CheckRappelView.swift; sourceTree = "<group>"; };
		6F2338002BA783AF0058E6C3 /* AddRappelView.swift */ = {isa = PBXFileReference; lastKnownFileType = sourcecode.swift; path = AddRappelView.swift; sourceTree = "<group>"; };
		6F3D226C2BA740C700ABE42B /* OrdoView.swift */ = {isa = PBXFileReference; lastKnownFileType = sourcecode.swift; path = OrdoView.swift; sourceTree = "<group>"; };
		6F3D226E2BA741F200ABE42B /* OrdoClass.swift */ = {isa = PBXFileReference; lastKnownFileType = sourcecode.swift; path = OrdoClass.swift; sourceTree = "<group>"; };
		6F3D22702BA7421D00ABE42B /* Ordonnance.swift */ = {isa = PBXFileReference; lastKnownFileType = sourcecode.swift; path = Ordonnance.swift; sourceTree = "<group>"; };
		6F3D22722BA7424900ABE42B /* CopyOrdoView.swift */ = {isa = PBXFileReference; lastKnownFileType = sourcecode.swift; path = CopyOrdoView.swift; sourceTree = "<group>"; };
		6F3D22742BA7428300ABE42B /* OCRView.swift */ = {isa = PBXFileReference; lastKnownFileType = sourcecode.swift; path = OCRView.swift; sourceTree = "<group>"; };
		6F3D22762BA742A900ABE42B /* ScanData.swift */ = {isa = PBXFileReference; lastKnownFileType = sourcecode.swift; path = ScanData.swift; sourceTree = "<group>"; };
		6F3D22782BA742CB00ABE42B /* ScannerView.swift */ = {isa = PBXFileReference; lastKnownFileType = sourcecode.swift; path = ScannerView.swift; sourceTree = "<group>"; };
		6F3D227A2BA7430600ABE42B /* TextRecognizer.swift */ = {isa = PBXFileReference; lastKnownFileType = sourcecode.swift; path = TextRecognizer.swift; sourceTree = "<group>"; };
		6F3D227C2BA743A900ABE42B /* SignInLogInView.swift */ = {isa = PBXFileReference; lastKnownFileType = sourcecode.swift; path = SignInLogInView.swift; sourceTree = "<group>"; };
		6F3D227E2BA743DF00ABE42B /* SplashScreenView.swift */ = {isa = PBXFileReference; lastKnownFileType = sourcecode.swift; path = SplashScreenView.swift; sourceTree = "<group>"; };
		6F3D22802BA7441300ABE42B /* SignInView.swift */ = {isa = PBXFileReference; lastKnownFileType = sourcecode.swift; path = SignInView.swift; sourceTree = "<group>"; };
		6F3D22822BA7447700ABE42B /* inputFieldLogin.swift */ = {isa = PBXFileReference; lastKnownFileType = sourcecode.swift; path = inputFieldLogin.swift; sourceTree = "<group>"; };
		6F3D22842BA744AC00ABE42B /* logInView.swift */ = {isa = PBXFileReference; lastKnownFileType = sourcecode.swift; path = logInView.swift; sourceTree = "<group>"; };
		6F3D22862BA744F300ABE42B /* InfoMedView.swift */ = {isa = PBXFileReference; lastKnownFileType = sourcecode.swift; path = InfoMedView.swift; sourceTree = "<group>"; };
		6F3D22882BA7450600ABE42B /* DetailsView.swift */ = {isa = PBXFileReference; lastKnownFileType = sourcecode.swift; path = DetailsView.swift; sourceTree = "<group>"; };
		6F3D228A2BA745F000ABE42B /* CalView.swift */ = {isa = PBXFileReference; lastKnownFileType = sourcecode.swift; path = CalView.swift; sourceTree = "<group>"; };
		6F3D228C2BA7460800ABE42B /* ProfilView.swift */ = {isa = PBXFileReference; lastKnownFileType = sourcecode.swift; path = ProfilView.swift; sourceTree = "<group>"; };
		6F3D228E2BA7468B00ABE42B /* RappelTestView.swift */ = {isa = PBXFileReference; lastKnownFileType = sourcecode.swift; path = RappelTestView.swift; sourceTree = "<group>"; };
		6F3D22902BA7469800ABE42B /* RappelView.swift */ = {isa = PBXFileReference; lastKnownFileType = sourcecode.swift; path = RappelView.swift; sourceTree = "<group>"; };
		6F3D22922BA746A800ABE42B /* StructRappel.swift */ = {isa = PBXFileReference; lastKnownFileType = sourcecode.swift; path = StructRappel.swift; sourceTree = "<group>"; };
		6F3D22942BA746B700ABE42B /* UtilsView.swift */ = {isa = PBXFileReference; lastKnownFileType = sourcecode.swift; path = UtilsView.swift; sourceTree = "<group>"; };
		6F6FEF8F2BA85108006F8A87 /* TabBar.swift */ = {isa = PBXFileReference; lastKnownFileType = sourcecode.swift; path = TabBar.swift; sourceTree = "<group>"; };
		6F913C472BAB1BD800A1317E /* CongratsView.swift */ = {isa = PBXFileReference; lastKnownFileType = sourcecode.swift; path = CongratsView.swift; sourceTree = "<group>"; };
		6F913C492BAB1C3A00A1317E /* TabRappelMedView.swift */ = {isa = PBXFileReference; lastKnownFileType = sourcecode.swift; path = TabRappelMedView.swift; sourceTree = "<group>"; };
		A328D00C2BA9CCF200381CAE /* CalendarInfo.swift */ = {isa = PBXFileReference; lastKnownFileType = sourcecode.swift; path = CalendarInfo.swift; sourceTree = "<group>"; };
/* End PBXFileReference section */

/* Begin PBXFrameworksBuildPhase section */
		6F1DD1692BA51B73003B19F5 /* Frameworks */ = {
			isa = PBXFrameworksBuildPhase;
			buildActionMask = 2147483647;
			files = (
			);
			runOnlyForDeploymentPostprocessing = 0;
		};
/* End PBXFrameworksBuildPhase section */

/* Begin PBXGroup section */
		6F1DD1632BA51B73003B19F5 = {
			isa = PBXGroup;
			children = (
				6F1DD16E2BA51B73003B19F5 /* MedicaFinal */,
				6F1DD16D2BA51B73003B19F5 /* Products */,
			);
			sourceTree = "<group>";
		};
		6F1DD16D2BA51B73003B19F5 /* Products */ = {
			isa = PBXGroup;
			children = (
				6F1DD16C2BA51B73003B19F5 /* MedicaFinal.app */,
			);
			name = Products;
			sourceTree = "<group>";
		};
		6F1DD16E2BA51B73003B19F5 /* MedicaFinal */ = {
			isa = PBXGroup;
			children = (
				6F3D225B2BA73F1500ABE42B /* SplashScreenView */,
				6F3D225A2BA73F0300ABE42B /* SignInView */,
				6F3D22592BA73EF700ABE42B /* RappelView */,
				6F3D22582BA73EEA00ABE42B /* ProfilView */,
				6F3D22572BA73EDE00ABE42B /* OrdoView */,
				6F3D22562BA73ED200ABE42B /* OCRView */,
				6F3D22552BA73EBF00ABE42B /* LogInView */,
				6F3D22542BA73EB200ABE42B /* InfoMedView */,
				6F3D22532BA73E9F00ABE42B /* CalView */,
				6F1DD16F2BA51B73003B19F5 /* MedicaFinalApp.swift */,
				6F1DD1712BA51B73003B19F5 /* ContentView.swift */,
				6F1DD1732BA51B74003B19F5 /* Assets.xcassets */,
				6F1DD1752BA51B74003B19F5 /* Preview Content */,
				6F6FEF8F2BA85108006F8A87 /* TabBar.swift */,
			);
			path = MedicaFinal;
			sourceTree = "<group>";
		};
		6F1DD1752BA51B74003B19F5 /* Preview Content */ = {
			isa = PBXGroup;
			children = (
				6F1DD1762BA51B74003B19F5 /* Preview Assets.xcassets */,
			);
			path = "Preview Content";
			sourceTree = "<group>";
		};
		6F3D22532BA73E9F00ABE42B /* CalView */ = {
			isa = PBXGroup;
			children = (
				6F3D228A2BA745F000ABE42B /* CalView.swift */,
				A328D00C2BA9CCF200381CAE /* CalendarInfo.swift */,
			);
			path = CalView;
			sourceTree = "<group>";
		};
		6F3D22542BA73EB200ABE42B /* InfoMedView */ = {
			isa = PBXGroup;
			children = (
				6F3D22862BA744F300ABE42B /* InfoMedView.swift */,
				6F3D22882BA7450600ABE42B /* DetailsView.swift */,
			);
			path = InfoMedView;
			sourceTree = "<group>";
		};
		6F3D22552BA73EBF00ABE42B /* LogInView */ = {
			isa = PBXGroup;
			children = (
				6F3D22822BA7447700ABE42B /* inputFieldLogin.swift */,
				6F3D22842BA744AC00ABE42B /* logInView.swift */,
			);
			path = LogInView;
			sourceTree = "<group>";
		};
		6F3D22562BA73ED200ABE42B /* OCRView */ = {
			isa = PBXGroup;
			children = (
				6F3D22742BA7428300ABE42B /* OCRView.swift */,
				6F3D22762BA742A900ABE42B /* ScanData.swift */,
				6F3D22782BA742CB00ABE42B /* ScannerView.swift */,
				6F3D227A2BA7430600ABE42B /* TextRecognizer.swift */,
			);
			path = OCRView;
			sourceTree = "<group>";
		};
		6F3D22572BA73EDE00ABE42B /* OrdoView */ = {
			isa = PBXGroup;
			children = (
				6F3D226C2BA740C700ABE42B /* OrdoView.swift */,
				6F3D226E2BA741F200ABE42B /* OrdoClass.swift */,
				6F3D22702BA7421D00ABE42B /* Ordonnance.swift */,
				6F3D22722BA7424900ABE42B /* CopyOrdoView.swift */,
			);
			path = OrdoView;
			sourceTree = "<group>";
		};
		6F3D22582BA73EEA00ABE42B /* ProfilView */ = {
			isa = PBXGroup;
			children = (
				6F3D228C2BA7460800ABE42B /* ProfilView.swift */,
			);
			path = ProfilView;
			sourceTree = "<group>";
		};
		6F3D22592BA73EF700ABE42B /* RappelView */ = {
			isa = PBXGroup;
			children = (
				6F3D228E2BA7468B00ABE42B /* RappelTestView.swift */,
				6F3D22902BA7469800ABE42B /* RappelView.swift */,
				6F913C472BAB1BD800A1317E /* CongratsView.swift */,
				6F2338002BA783AF0058E6C3 /* AddRappelView.swift */,
				6F2337FE2BA7554F0058E6C3 /* CheckRappelView.swift */,
				6F3D22922BA746A800ABE42B /* StructRappel.swift */,
				6F3D22942BA746B700ABE42B /* UtilsView.swift */,
				6F913C492BAB1C3A00A1317E /* TabRappelMedView.swift */,
			);
			path = RappelView;
			sourceTree = "<group>";
		};
		6F3D225A2BA73F0300ABE42B /* SignInView */ = {
			isa = PBXGroup;
			children = (
				6F3D22802BA7441300ABE42B /* SignInView.swift */,
			);
			path = SignInView;
			sourceTree = "<group>";
		};
		6F3D225B2BA73F1500ABE42B /* SplashScreenView */ = {
			isa = PBXGroup;
			children = (
				6F3D227C2BA743A900ABE42B /* SignInLogInView.swift */,
				6F3D227E2BA743DF00ABE42B /* SplashScreenView.swift */,
			);
			path = SplashScreenView;
			sourceTree = "<group>";
		};
/* End PBXGroup section */

/* Begin PBXNativeTarget section */
		6F1DD16B2BA51B73003B19F5 /* MedicaFinal */ = {
			isa = PBXNativeTarget;
			buildConfigurationList = 6F1DD17A2BA51B74003B19F5 /* Build configuration list for PBXNativeTarget "MedicaFinal" */;
			buildPhases = (
				6F1DD1682BA51B73003B19F5 /* Sources */,
				6F1DD1692BA51B73003B19F5 /* Frameworks */,
				6F1DD16A2BA51B73003B19F5 /* Resources */,
			);
			buildRules = (
			);
			dependencies = (
			);
			name = MedicaFinal;
			productName = MedicaFinal;
			productReference = 6F1DD16C2BA51B73003B19F5 /* MedicaFinal.app */;
			productType = "com.apple.product-type.application";
		};
/* End PBXNativeTarget section */

/* Begin PBXProject section */
		6F1DD1642BA51B73003B19F5 /* Project object */ = {
			isa = PBXProject;
			attributes = {
				BuildIndependentTargetsInParallel = 1;
				LastSwiftUpdateCheck = 1520;
				LastUpgradeCheck = 1520;
				TargetAttributes = {
					6F1DD16B2BA51B73003B19F5 = {
						CreatedOnToolsVersion = 15.2;
					};
				};
			};
			buildConfigurationList = 6F1DD1672BA51B73003B19F5 /* Build configuration list for PBXProject "MedicaFinal" */;
			compatibilityVersion = "Xcode 14.0";
			developmentRegion = en;
			hasScannedForEncodings = 0;
			knownRegions = (
				en,
				Base,
			);
			mainGroup = 6F1DD1632BA51B73003B19F5;
			productRefGroup = 6F1DD16D2BA51B73003B19F5 /* Products */;
			projectDirPath = "";
			projectRoot = "";
			targets = (
				6F1DD16B2BA51B73003B19F5 /* MedicaFinal */,
			);
		};
/* End PBXProject section */

/* Begin PBXResourcesBuildPhase section */
		6F1DD16A2BA51B73003B19F5 /* Resources */ = {
			isa = PBXResourcesBuildPhase;
			buildActionMask = 2147483647;
			files = (
				6F1DD1772BA51B74003B19F5 /* Preview Assets.xcassets in Resources */,
				6F1DD1742BA51B74003B19F5 /* Assets.xcassets in Resources */,
			);
			runOnlyForDeploymentPostprocessing = 0;
		};
/* End PBXResourcesBuildPhase section */

/* Begin PBXSourcesBuildPhase section */
		6F1DD1682BA51B73003B19F5 /* Sources */ = {
			isa = PBXSourcesBuildPhase;
			buildActionMask = 2147483647;
			files = (
				6F3D22792BA742CB00ABE42B /* ScannerView.swift in Sources */,
				A328D00D2BA9CCF200381CAE /* CalendarInfo.swift in Sources */,
				6F3D228D2BA7460800ABE42B /* ProfilView.swift in Sources */,
				6F3D228B2BA745F000ABE42B /* CalView.swift in Sources */,
				6F3D22772BA742A900ABE42B /* ScanData.swift in Sources */,
				6F3D227F2BA743DF00ABE42B /* SplashScreenView.swift in Sources */,
				6F3D22852BA744AC00ABE42B /* logInView.swift in Sources */,
				6F3D228F2BA7468B00ABE42B /* RappelTestView.swift in Sources */,
				6F3D227B2BA7430600ABE42B /* TextRecognizer.swift in Sources */,
				6F3D22712BA7421D00ABE42B /* Ordonnance.swift in Sources */,
				6F6FEF902BA85108006F8A87 /* TabBar.swift in Sources */,
				6F3D226F2BA741F200ABE42B /* OrdoClass.swift in Sources */,
				6F3D226D2BA740C700ABE42B /* OrdoView.swift in Sources */,
				6F3D22752BA7428300ABE42B /* OCRView.swift in Sources */,
				6F3D22872BA744F300ABE42B /* InfoMedView.swift in Sources */,
				6F1DD1722BA51B73003B19F5 /* ContentView.swift in Sources */,
				6F3D22952BA746B700ABE42B /* UtilsView.swift in Sources */,
				6F913C4A2BAB1C3A00A1317E /* TabRappelMedView.swift in Sources */,
				6F3D22832BA7447700ABE42B /* inputFieldLogin.swift in Sources */,
				6F1DD1702BA51B73003B19F5 /* MedicaFinalApp.swift in Sources */,
				6F3D22732BA7424900ABE42B /* CopyOrdoView.swift in Sources */,
				6F3D22892BA7450600ABE42B /* DetailsView.swift in Sources */,
				6F913C482BAB1BD800A1317E /* CongratsView.swift in Sources */,
				6F3D227D2BA743A900ABE42B /* SignInLogInView.swift in Sources */,
				6F3D22812BA7441300ABE42B /* SignInView.swift in Sources */,
				6F2337FF2BA7554F0058E6C3 /* CheckRappelView.swift in Sources */,
				6F3D22932BA746A800ABE42B /* StructRappel.swift in Sources */,
				6F2338012BA783AF0058E6C3 /* AddRappelView.swift in Sources */,
				6F3D22912BA7469800ABE42B /* RappelView.swift in Sources */,
			);
			runOnlyForDeploymentPostprocessing = 0;
		};
/* End PBXSourcesBuildPhase section */

/* Begin XCBuildConfiguration section */
		6F1DD1782BA51B74003B19F5 /* Debug */ = {
			isa = XCBuildConfiguration;
			buildSettings = {
				ALWAYS_SEARCH_USER_PATHS = NO;
				ASSETCATALOG_COMPILER_GENERATE_SWIFT_ASSET_SYMBOL_EXTENSIONS = YES;
				CLANG_ANALYZER_NONNULL = YES;
				CLANG_ANALYZER_NUMBER_OBJECT_CONVERSION = YES_AGGRESSIVE;
				CLANG_CXX_LANGUAGE_STANDARD = "gnu++20";
				CLANG_ENABLE_MODULES = YES;
				CLANG_ENABLE_OBJC_ARC = YES;
				CLANG_ENABLE_OBJC_WEAK = YES;
				CLANG_WARN_BLOCK_CAPTURE_AUTORELEASING = YES;
				CLANG_WARN_BOOL_CONVERSION = YES;
				CLANG_WARN_COMMA = YES;
				CLANG_WARN_CONSTANT_CONVERSION = YES;
				CLANG_WARN_DEPRECATED_OBJC_IMPLEMENTATIONS = YES;
				CLANG_WARN_DIRECT_OBJC_ISA_USAGE = YES_ERROR;
				CLANG_WARN_DOCUMENTATION_COMMENTS = YES;
				CLANG_WARN_EMPTY_BODY = YES;
				CLANG_WARN_ENUM_CONVERSION = YES;
				CLANG_WARN_INFINITE_RECURSION = YES;
				CLANG_WARN_INT_CONVERSION = YES;
				CLANG_WARN_NON_LITERAL_NULL_CONVERSION = YES;
				CLANG_WARN_OBJC_IMPLICIT_RETAIN_SELF = YES;
				CLANG_WARN_OBJC_LITERAL_CONVERSION = YES;
				CLANG_WARN_OBJC_ROOT_CLASS = YES_ERROR;
				CLANG_WARN_QUOTED_INCLUDE_IN_FRAMEWORK_HEADER = YES;
				CLANG_WARN_RANGE_LOOP_ANALYSIS = YES;
				CLANG_WARN_STRICT_PROTOTYPES = YES;
				CLANG_WARN_SUSPICIOUS_MOVE = YES;
				CLANG_WARN_UNGUARDED_AVAILABILITY = YES_AGGRESSIVE;
				CLANG_WARN_UNREACHABLE_CODE = YES;
				CLANG_WARN__DUPLICATE_METHOD_MATCH = YES;
				COPY_PHASE_STRIP = NO;
				DEBUG_INFORMATION_FORMAT = dwarf;
				ENABLE_STRICT_OBJC_MSGSEND = YES;
				ENABLE_TESTABILITY = YES;
				ENABLE_USER_SCRIPT_SANDBOXING = YES;
				GCC_C_LANGUAGE_STANDARD = gnu17;
				GCC_DYNAMIC_NO_PIC = NO;
				GCC_NO_COMMON_BLOCKS = YES;
				GCC_OPTIMIZATION_LEVEL = 0;
				GCC_PREPROCESSOR_DEFINITIONS = (
					"DEBUG=1",
					"$(inherited)",
				);
				GCC_WARN_64_TO_32_BIT_CONVERSION = YES;
				GCC_WARN_ABOUT_RETURN_TYPE = YES_ERROR;
				GCC_WARN_UNDECLARED_SELECTOR = YES;
				GCC_WARN_UNINITIALIZED_AUTOS = YES_AGGRESSIVE;
				GCC_WARN_UNUSED_FUNCTION = YES;
				GCC_WARN_UNUSED_VARIABLE = YES;
				IPHONEOS_DEPLOYMENT_TARGET = 17.2;
				LOCALIZATION_PREFERS_STRING_CATALOGS = YES;
				MTL_ENABLE_DEBUG_INFO = INCLUDE_SOURCE;
				MTL_FAST_MATH = YES;
				ONLY_ACTIVE_ARCH = YES;
				SDKROOT = iphoneos;
				SWIFT_ACTIVE_COMPILATION_CONDITIONS = "DEBUG $(inherited)";
				SWIFT_OPTIMIZATION_LEVEL = "-Onone";
			};
			name = Debug;
		};
		6F1DD1792BA51B74003B19F5 /* Release */ = {
			isa = XCBuildConfiguration;
			buildSettings = {
				ALWAYS_SEARCH_USER_PATHS = NO;
				ASSETCATALOG_COMPILER_GENERATE_SWIFT_ASSET_SYMBOL_EXTENSIONS = YES;
				CLANG_ANALYZER_NONNULL = YES;
				CLANG_ANALYZER_NUMBER_OBJECT_CONVERSION = YES_AGGRESSIVE;
				CLANG_CXX_LANGUAGE_STANDARD = "gnu++20";
				CLANG_ENABLE_MODULES = YES;
				CLANG_ENABLE_OBJC_ARC = YES;
				CLANG_ENABLE_OBJC_WEAK = YES;
				CLANG_WARN_BLOCK_CAPTURE_AUTORELEASING = YES;
				CLANG_WARN_BOOL_CONVERSION = YES;
				CLANG_WARN_COMMA = YES;
				CLANG_WARN_CONSTANT_CONVERSION = YES;
				CLANG_WARN_DEPRECATED_OBJC_IMPLEMENTATIONS = YES;
				CLANG_WARN_DIRECT_OBJC_ISA_USAGE = YES_ERROR;
				CLANG_WARN_DOCUMENTATION_COMMENTS = YES;
				CLANG_WARN_EMPTY_BODY = YES;
				CLANG_WARN_ENUM_CONVERSION = YES;
				CLANG_WARN_INFINITE_RECURSION = YES;
				CLANG_WARN_INT_CONVERSION = YES;
				CLANG_WARN_NON_LITERAL_NULL_CONVERSION = YES;
				CLANG_WARN_OBJC_IMPLICIT_RETAIN_SELF = YES;
				CLANG_WARN_OBJC_LITERAL_CONVERSION = YES;
				CLANG_WARN_OBJC_ROOT_CLASS = YES_ERROR;
				CLANG_WARN_QUOTED_INCLUDE_IN_FRAMEWORK_HEADER = YES;
				CLANG_WARN_RANGE_LOOP_ANALYSIS = YES;
				CLANG_WARN_STRICT_PROTOTYPES = YES;
				CLANG_WARN_SUSPICIOUS_MOVE = YES;
				CLANG_WARN_UNGUARDED_AVAILABILITY = YES_AGGRESSIVE;
				CLANG_WARN_UNREACHABLE_CODE = YES;
				CLANG_WARN__DUPLICATE_METHOD_MATCH = YES;
				COPY_PHASE_STRIP = NO;
				DEBUG_INFORMATION_FORMAT = "dwarf-with-dsym";
				ENABLE_NS_ASSERTIONS = NO;
				ENABLE_STRICT_OBJC_MSGSEND = YES;
				ENABLE_USER_SCRIPT_SANDBOXING = YES;
				GCC_C_LANGUAGE_STANDARD = gnu17;
				GCC_NO_COMMON_BLOCKS = YES;
				GCC_WARN_64_TO_32_BIT_CONVERSION = YES;
				GCC_WARN_ABOUT_RETURN_TYPE = YES_ERROR;
				GCC_WARN_UNDECLARED_SELECTOR = YES;
				GCC_WARN_UNINITIALIZED_AUTOS = YES_AGGRESSIVE;
				GCC_WARN_UNUSED_FUNCTION = YES;
				GCC_WARN_UNUSED_VARIABLE = YES;
				IPHONEOS_DEPLOYMENT_TARGET = 17.2;
				LOCALIZATION_PREFERS_STRING_CATALOGS = YES;
				MTL_ENABLE_DEBUG_INFO = NO;
				MTL_FAST_MATH = YES;
				SDKROOT = iphoneos;
				SWIFT_COMPILATION_MODE = wholemodule;
				VALIDATE_PRODUCT = YES;
			};
			name = Release;
		};
		6F1DD17B2BA51B74003B19F5 /* Debug */ = {
			isa = XCBuildConfiguration;
			buildSettings = {
				ASSETCATALOG_COMPILER_APPICON_NAME = AppIcon;
				ASSETCATALOG_COMPILER_GLOBAL_ACCENT_COLOR_NAME = AccentColor;
				CODE_SIGN_STYLE = Automatic;
				CURRENT_PROJECT_VERSION = 1;
				DEVELOPMENT_ASSET_PATHS = "\"MedicaFinal/Preview Content\"";
				ENABLE_PREVIEWS = YES;
				GENERATE_INFOPLIST_FILE = YES;
				INFOPLIST_KEY_CFBundleDisplayName = "Médica";
				INFOPLIST_KEY_UIApplicationSceneManifest_Generation = YES;
				INFOPLIST_KEY_UIApplicationSupportsIndirectInputEvents = YES;
				INFOPLIST_KEY_UILaunchScreen_Generation = YES;
				INFOPLIST_KEY_UISupportedInterfaceOrientations_iPad = "UIInterfaceOrientationPortrait UIInterfaceOrientationPortraitUpsideDown UIInterfaceOrientationLandscapeLeft UIInterfaceOrientationLandscapeRight";
				INFOPLIST_KEY_UISupportedInterfaceOrientations_iPhone = "UIInterfaceOrientationPortrait UIInterfaceOrientationLandscapeLeft UIInterfaceOrientationLandscapeRight";
				LD_RUNPATH_SEARCH_PATHS = (
					"$(inherited)",
					"@executable_path/Frameworks",
				);
				MARKETING_VERSION = 1.0;
				PRODUCT_BUNDLE_IDENTIFIER = devScienceGroup.MedicaFinal;
				PRODUCT_NAME = "$(TARGET_NAME)";
				SWIFT_EMIT_LOC_STRINGS = YES;
				SWIFT_VERSION = 5.0;
				TARGETED_DEVICE_FAMILY = "1,2";
			};
			name = Debug;
		};
		6F1DD17C2BA51B74003B19F5 /* Release */ = {
			isa = XCBuildConfiguration;
			buildSettings = {
				ASSETCATALOG_COMPILER_APPICON_NAME = AppIcon;
				ASSETCATALOG_COMPILER_GLOBAL_ACCENT_COLOR_NAME = AccentColor;
				CODE_SIGN_STYLE = Automatic;
				CURRENT_PROJECT_VERSION = 1;
				DEVELOPMENT_ASSET_PATHS = "\"MedicaFinal/Preview Content\"";
				ENABLE_PREVIEWS = YES;
				GENERATE_INFOPLIST_FILE = YES;
				INFOPLIST_KEY_CFBundleDisplayName = "Médica";
				INFOPLIST_KEY_UIApplicationSceneManifest_Generation = YES;
				INFOPLIST_KEY_UIApplicationSupportsIndirectInputEvents = YES;
				INFOPLIST_KEY_UILaunchScreen_Generation = YES;
				INFOPLIST_KEY_UISupportedInterfaceOrientations_iPad = "UIInterfaceOrientationPortrait UIInterfaceOrientationPortraitUpsideDown UIInterfaceOrientationLandscapeLeft UIInterfaceOrientationLandscapeRight";
				INFOPLIST_KEY_UISupportedInterfaceOrientations_iPhone = "UIInterfaceOrientationPortrait UIInterfaceOrientationLandscapeLeft UIInterfaceOrientationLandscapeRight";
				LD_RUNPATH_SEARCH_PATHS = (
					"$(inherited)",
					"@executable_path/Frameworks",
				);
				MARKETING_VERSION = 1.0;
				PRODUCT_BUNDLE_IDENTIFIER = devScienceGroup.MedicaFinal;
				PRODUCT_NAME = "$(TARGET_NAME)";
				SWIFT_EMIT_LOC_STRINGS = YES;
				SWIFT_VERSION = 5.0;
				TARGETED_DEVICE_FAMILY = "1,2";
			};
			name = Release;
		};
/* End XCBuildConfiguration section */

/* Begin XCConfigurationList section */
		6F1DD1672BA51B73003B19F5 /* Build configuration list for PBXProject "MedicaFinal" */ = {
			isa = XCConfigurationList;
			buildConfigurations = (
				6F1DD1782BA51B74003B19F5 /* Debug */,
				6F1DD1792BA51B74003B19F5 /* Release */,
			);
			defaultConfigurationIsVisible = 0;
			defaultConfigurationName = Release;
		};
		6F1DD17A2BA51B74003B19F5 /* Build configuration list for PBXNativeTarget "MedicaFinal" */ = {
			isa = XCConfigurationList;
			buildConfigurations = (
				6F1DD17B2BA51B74003B19F5 /* Debug */,
				6F1DD17C2BA51B74003B19F5 /* Release */,
			);
			defaultConfigurationIsVisible = 0;
			defaultConfigurationName = Release;
		};
/* End XCConfigurationList section */
	};
	rootObject = 6F1DD1642BA51B73003B19F5 /* Project object */;
}
